
Microsoft Visual Studio Solution File, Format Version 12.00
# Visual Studio Version 17
VisualStudioVersion = 17.0.32014.148
MinimumVisualStudioVersion = 10.0.40219.1
Project("{FAE04EC0-301F-11D3-BF4B-00C04F79EFBC}") = "InspectionApi", "InspectionApi\InspectionApi.csproj", "{D257779F-C24B-4CC1-99FE-E2FBAC85041C}"
EndProject
Global
	GlobalSection(SolutionConfigurationPlatforms) = preSolution
		Debug|Any CPU = Debug|Any CPU
		Release|Any CPU = Release|Any CPU
	EndGlobalSection
	GlobalSection(ProjectConfigurationPlatforms) = postSolution
		{D257779F-C24B-4CC1-99FE-E2FBAC85041C}.Debug|Any CPU.ActiveCfg = Debug|Any CPU
		{D257779F-C24B-4CC1-99FE-E2FBAC85041C}.Debug|Any CPU.Build.0 = Debug|Any CPU
		{D257779F-C24B-4CC1-99FE-E2FBAC85041C}.Release|Any CPU.ActiveCfg = Release|Any CPU
		{D257779F-C24B-4CC1-99FE-E2FBAC85041C}.Release|Any CPU.Build.0 = Release|Any CPU
	EndGlobalSection
	GlobalSection(SolutionProperties) = preSolution
		HideSolutionNode = FALSE
	EndGlobalSection
	GlobalSection(ExtensibilityGlobals) = postSolution
		SolutionGuid = {F96109B3-D1A7-4900-AB87-B031199DCFD9}
	EndGlobalSection
EndGlobal
